// !$*UTF8*$!
{
	archiveVersion = 1;
	classes = {
	};
	objectVersion = 46;
	objects = {

/* Begin PBXBuildFile section */
		F814D07519F8F8EC00836D80 /* Card.m in Sources */ = {isa = PBXBuildFile; fileRef = F814D07419F8F8EC00836D80 /* Card.m */; };
		F814D07819F8F8ED00836D80 /* User.m in Sources */ = {isa = PBXBuildFile; fileRef = F814D07719F8F8ED00836D80 /* User.m */; };
		F8281E3B19EE59300087E42B /* main.m in Sources */ = {isa = PBXBuildFile; fileRef = F8281E3A19EE59300087E42B /* main.m */; };
		F8281E3E19EE59300087E42B /* AppDelegate.m in Sources */ = {isa = PBXBuildFile; fileRef = F8281E3D19EE59300087E42B /* AppDelegate.m */; };
		F8281E4619EE59300087E42B /* Images.xcassets in Resources */ = {isa = PBXBuildFile; fileRef = F8281E4519EE59300087E42B /* Images.xcassets */; };
		F8281E4919EE59300087E42B /* LaunchScreen.xib in Resources */ = {isa = PBXBuildFile; fileRef = F8281E4719EE59300087E42B /* LaunchScreen.xib */; };
		F8281E5519EE59300087E42B /* KarBaoTests.m in Sources */ = {isa = PBXBuildFile; fileRef = F8281E5419EE59300087E42B /* KarBaoTests.m */; };
		F882A66119EF5EEB00DC4EFA /* CardsViewController.m in Sources */ = {isa = PBXBuildFile; fileRef = F882A66019EF5EEB00DC4EFA /* CardsViewController.m */; };
		F882A66419EF5F0500DC4EFA /* CardDetailViewController.m in Sources */ = {isa = PBXBuildFile; fileRef = F882A66319EF5F0500DC4EFA /* CardDetailViewController.m */; };
		F882A66919EF5F9C00DC4EFA /* GeneralNavigationController.m in Sources */ = {isa = PBXBuildFile; fileRef = F882A66819EF5F9C00DC4EFA /* GeneralNavigationController.m */; };
		F882A66F19EF614700DC4EFA /* Main_iPad.storyboard in Resources */ = {isa = PBXBuildFile; fileRef = F882A66D19EF614700DC4EFA /* Main_iPad.storyboard */; };
		F882A67219EF615900DC4EFA /* Main_iPhone.storyboard in Resources */ = {isa = PBXBuildFile; fileRef = F882A67019EF615900DC4EFA /* Main_iPhone.storyboard */; };
		F882A67519EF648300DC4EFA /* InfoViewController.m in Sources */ = {isa = PBXBuildFile; fileRef = F882A67419EF648300DC4EFA /* InfoViewController.m */; };
		F882A67919EF66D900DC4EFA /* CardCell.m in Sources */ = {isa = PBXBuildFile; fileRef = F882A67819EF66D900DC4EFA /* CardCell.m */; };
		F882A67B19EF679B00DC4EFA /* Skin.xcassets in Resources */ = {isa = PBXBuildFile; fileRef = F882A67A19EF679B00DC4EFA /* Skin.xcassets */; };
		F882A68319EF728100DC4EFA /* 29.jpg in Resources */ = {isa = PBXBuildFile; fileRef = F882A67F19EF728100DC4EFA /* 29.jpg */; };
		F882A68419EF728100DC4EFA /* card1.png in Resources */ = {isa = PBXBuildFile; fileRef = F882A68019EF728100DC4EFA /* card1.png */; };
		F882A68519EF728100DC4EFA /* card2.png in Resources */ = {isa = PBXBuildFile; fileRef = F882A68119EF728100DC4EFA /* card2.png */; };
		F882A68619EF728100DC4EFA /* zhoujielun.jpg in Resources */ = {isa = PBXBuildFile; fileRef = F882A68219EF728100DC4EFA /* zhoujielun.jpg */; };
		F882A68919EF72BA00DC4EFA /* qrcode1.png in Resources */ = {isa = PBXBuildFile; fileRef = F882A68719EF72BA00DC4EFA /* qrcode1.png */; };
		F882A68A19EF72BA00DC4EFA /* qrcode2.png in Resources */ = {isa = PBXBuildFile; fileRef = F882A68819EF72BA00DC4EFA /* qrcode2.png */; };
		F882A68C19EF7C1E00DC4EFA /* yan.png in Resources */ = {isa = PBXBuildFile; fileRef = F882A68B19EF7C1E00DC4EFA /* yan.png */; };
		F882A6BA19EF9BF300DC4EFA /* CreateUserViewController.m in Sources */ = {isa = PBXBuildFile; fileRef = F882A6B919EF9BF300DC4EFA /* CreateUserViewController.m */; };
		F882A6BC19EFA00A00DC4EFA /* button1.png in Resources */ = {isa = PBXBuildFile; fileRef = F882A6BB19EFA00A00DC4EFA /* button1.png */; };
		F882A6BF19EFAAD400DC4EFA /* TabbarManager.m in Sources */ = {isa = PBXBuildFile; fileRef = F882A6BE19EFAAD400DC4EFA /* TabbarManager.m */; };
		F882A6C219EFAC1800DC4EFA /* Foundation.framework in Frameworks */ = {isa = PBXBuildFile; fileRef = F882A6C119EFAC1800DC4EFA /* Foundation.framework */; };
		F882A6C419EFAC2100DC4EFA /* UIKit.framework in Frameworks */ = {isa = PBXBuildFile; fileRef = F882A6C319EFAC2100DC4EFA /* UIKit.framework */; };
		F882A6C619EFAC2F00DC4EFA /* CoreGraphics.framework in Frameworks */ = {isa = PBXBuildFile; fileRef = F882A6C519EFAC2F00DC4EFA /* CoreGraphics.framework */; };
		F882A6C819EFAC3500DC4EFA /* CoreData.framework in Frameworks */ = {isa = PBXBuildFile; fileRef = F882A6C719EFAC3500DC4EFA /* CoreData.framework */; };
		F882A6CA19EFAD3400DC4EFA /* QuartzCore.framework in Frameworks */ = {isa = PBXBuildFile; fileRef = F882A6C919EFAD3400DC4EFA /* QuartzCore.framework */; };
		F882A6EF19EFB01300DC4EFA /* RequestManager.m in Sources */ = {isa = PBXBuildFile; fileRef = F882A6EE19EFB01300DC4EFA /* RequestManager.m */; };
		F882A6FE19EFB66400DC4EFA /* NSDate+Additions.m in Sources */ = {isa = PBXBuildFile; fileRef = F882A6F919EFB66400DC4EFA /* NSDate+Additions.m */; };
		F882A6FF19EFB66400DC4EFA /* NSObject+DelayBlocks.m in Sources */ = {isa = PBXBuildFile; fileRef = F882A6FB19EFB66400DC4EFA /* NSObject+DelayBlocks.m */; };
		F882A70019EFB66400DC4EFA /* NSObject+Json.m in Sources */ = {isa = PBXBuildFile; fileRef = F882A6FD19EFB66400DC4EFA /* NSObject+Json.m */; };
		F886431319EFC5A4007E169D /* libasihttp.a in Frameworks */ = {isa = PBXBuildFile; fileRef = F882A72B19EFBF8D00DC4EFA /* libasihttp.a */; };
		F886431819EFCA9B007E169D /* libz.dylib in Frameworks */ = {isa = PBXBuildFile; fileRef = F886431719EFCA9B007E169D /* libz.dylib */; };
		F886431A19EFCAC0007E169D /* libstdc++.dylib in Frameworks */ = {isa = PBXBuildFile; fileRef = F886431919EFCAC0007E169D /* libstdc++.dylib */; };
		F886431C19EFCAD8007E169D /* libxml2.dylib in Frameworks */ = {isa = PBXBuildFile; fileRef = F886431B19EFCAD8007E169D /* libxml2.dylib */; };
		F886431F19EFCBEE007E169D /* CFNetwork.framework in Frameworks */ = {isa = PBXBuildFile; fileRef = F886431E19EFCBEE007E169D /* CFNetwork.framework */; };
		F886432119EFCE5F007E169D /* SystemConfiguration.framework in Frameworks */ = {isa = PBXBuildFile; fileRef = F886432019EFCE5F007E169D /* SystemConfiguration.framework */; };
		F886432319EFCE93007E169D /* MobileCoreServices.framework in Frameworks */ = {isa = PBXBuildFile; fileRef = F886432219EFCE93007E169D /* MobileCoreServices.framework */; };
		F88BA8AF19F4E3B600EF56DB /* DataManager+Card.m in Sources */ = {isa = PBXBuildFile; fileRef = F88BA8AE19F4E3B600EF56DB /* DataManager+Card.m */; };
		F88BA8B719F4E81C00EF56DB /* Account.m in Sources */ = {isa = PBXBuildFile; fileRef = F88BA8B619F4E81C00EF56DB /* Account.m */; };
		F88BA8C219F50B8400EF56DB /* CardSelectedListViewController.m in Sources */ = {isa = PBXBuildFile; fileRef = F88BA8C119F50B8400EF56DB /* CardSelectedListViewController.m */; };
		F88BA8C519F50BBD00EF56DB /* CardSelectedViewController.m in Sources */ = {isa = PBXBuildFile; fileRef = F88BA8C419F50BBD00EF56DB /* CardSelectedViewController.m */; };
		F8BF1ED119F0AB4C005D7589 /* AVFoundation.framework in Frameworks */ = {isa = PBXBuildFile; fileRef = F8BF1ED019F0AB4C005D7589 /* AVFoundation.framework */; };
		F8BF1EE319F0BF6F005D7589 /* libqrcode.a in Frameworks */ = {isa = PBXBuildFile; fileRef = F882A6B319EF8D2200DC4EFA /* libqrcode.a */; };
		F8BF1EEE19F0CCA6005D7589 /* KarBao.xcdatamodeld in Sources */ = {isa = PBXBuildFile; fileRef = F8BF1EEC19F0CCA6005D7589 /* KarBao.xcdatamodeld */; };
		F8BF1EF619F0EF10005D7589 /* qr_border@2x.png in Resources */ = {isa = PBXBuildFile; fileRef = F8BF1EF419F0EF10005D7589 /* qr_border@2x.png */; };
		F8BF1EF719F0EF10005D7589 /* qr_line@2x.png in Resources */ = {isa = PBXBuildFile; fileRef = F8BF1EF519F0EF10005D7589 /* qr_line@2x.png */; };
		F8BF1EFB19F0FCFC005D7589 /* Util.m in Sources */ = {isa = PBXBuildFile; fileRef = F8BF1EFA19F0FCFC005D7589 /* Util.m */; };
		F8BF1EFF19F1085F005D7589 /* ToolKit_iPad.storyboard in Resources */ = {isa = PBXBuildFile; fileRef = F8BF1EFD19F1085F005D7589 /* ToolKit_iPad.storyboard */; };
		F8BF1F0219F10B90005D7589 /* DataManager.m in Sources */ = {isa = PBXBuildFile; fileRef = F8BF1F0119F10B90005D7589 /* DataManager.m */; };
/* End PBXBuildFile section */

/* Begin PBXContainerItemProxy section */
		F8281E4F19EE59300087E42B /* PBXContainerItemProxy */ = {
			isa = PBXContainerItemProxy;
			containerPortal = F8281E2D19EE59300087E42B /* Project object */;
			proxyType = 1;
			remoteGlobalIDString = F8281E3419EE59300087E42B;
			remoteInfo = KarBao;
		};
		F882A6B219EF8D2200DC4EFA /* PBXContainerItemProxy */ = {
			isa = PBXContainerItemProxy;
			containerPortal = F882A6AD19EF8D2100DC4EFA /* qrcode.xcodeproj */;
			proxyType = 2;
			remoteGlobalIDString = F882A69619EF8D2100DC4EFA;
			remoteInfo = qrcode;
		};
		F882A72A19EFBF8D00DC4EFA /* PBXContainerItemProxy */ = {
			isa = PBXContainerItemProxy;
			containerPortal = F882A72519EFBF8C00DC4EFA /* asihttp.xcodeproj */;
			proxyType = 2;
			remoteGlobalIDString = F882A70E19EFBF8C00DC4EFA;
			remoteInfo = asihttp;
		};
/* End PBXContainerItemProxy section */

/* Begin PBXFileReference section */
		F814D07319F8F8EC00836D80 /* Card.h */ = {isa = PBXFileReference; fileEncoding = 4; lastKnownFileType = sourcecode.c.h; name = Card.h; path = DataManager/Card.h; sourceTree = "<group>"; };
		F814D07419F8F8EC00836D80 /* Card.m */ = {isa = PBXFileReference; fileEncoding = 4; lastKnownFileType = sourcecode.c.objc; name = Card.m; path = DataManager/Card.m; sourceTree = "<group>"; };
		F814D07619F8F8ED00836D80 /* User.h */ = {isa = PBXFileReference; fileEncoding = 4; lastKnownFileType = sourcecode.c.h; name = User.h; path = DataManager/User.h; sourceTree = "<group>"; };
		F814D07719F8F8ED00836D80 /* User.m */ = {isa = PBXFileReference; fileEncoding = 4; lastKnownFileType = sourcecode.c.objc; name = User.m; path = DataManager/User.m; sourceTree = "<group>"; };
		F8281E3519EE59300087E42B /* KarBao.app */ = {isa = PBXFileReference; explicitFileType = wrapper.application; includeInIndex = 0; path = KarBao.app; sourceTree = BUILT_PRODUCTS_DIR; };
		F8281E3919EE59300087E42B /* Info.plist */ = {isa = PBXFileReference; lastKnownFileType = text.plist.xml; path = Info.plist; sourceTree = "<group>"; };
		F8281E3A19EE59300087E42B /* main.m */ = {isa = PBXFileReference; lastKnownFileType = sourcecode.c.objc; path = main.m; sourceTree = "<group>"; };
		F8281E3C19EE59300087E42B /* AppDelegate.h */ = {isa = PBXFileReference; lastKnownFileType = sourcecode.c.h; path = AppDelegate.h; sourceTree = "<group>"; };
		F8281E3D19EE59300087E42B /* AppDelegate.m */ = {isa = PBXFileReference; lastKnownFileType = sourcecode.c.objc; path = AppDelegate.m; sourceTree = "<group>"; };
		F8281E4519EE59300087E42B /* Images.xcassets */ = {isa = PBXFileReference; lastKnownFileType = folder.assetcatalog; path = Images.xcassets; sourceTree = "<group>"; };
		F8281E4819EE59300087E42B /* Base */ = {isa = PBXFileReference; lastKnownFileType = file.xib; name = Base; path = Base.lproj/LaunchScreen.xib; sourceTree = "<group>"; };
		F8281E4E19EE59300087E42B /* KarBaoTests.xctest */ = {isa = PBXFileReference; explicitFileType = wrapper.cfbundle; includeInIndex = 0; path = KarBaoTests.xctest; sourceTree = BUILT_PRODUCTS_DIR; };
		F8281E5319EE59300087E42B /* Info.plist */ = {isa = PBXFileReference; lastKnownFileType = text.plist.xml; path = Info.plist; sourceTree = "<group>"; };
		F8281E5419EE59300087E42B /* KarBaoTests.m */ = {isa = PBXFileReference; lastKnownFileType = sourcecode.c.objc; path = KarBaoTests.m; sourceTree = "<group>"; };
		F882A65F19EF5EEB00DC4EFA /* CardsViewController.h */ = {isa = PBXFileReference; fileEncoding = 4; lastKnownFileType = sourcecode.c.h; name = CardsViewController.h; path = controllers/cards/CardsViewController.h; sourceTree = "<group>"; };
		F882A66019EF5EEB00DC4EFA /* CardsViewController.m */ = {isa = PBXFileReference; fileEncoding = 4; lastKnownFileType = sourcecode.c.objc; name = CardsViewController.m; path = controllers/cards/CardsViewController.m; sourceTree = "<group>"; };
		F882A66219EF5F0500DC4EFA /* CardDetailViewController.h */ = {isa = PBXFileReference; fileEncoding = 4; lastKnownFileType = sourcecode.c.h; name = CardDetailViewController.h; path = controllers/cards/CardDetailViewController.h; sourceTree = "<group>"; };
		F882A66319EF5F0500DC4EFA /* CardDetailViewController.m */ = {isa = PBXFileReference; fileEncoding = 4; lastKnownFileType = sourcecode.c.objc; name = CardDetailViewController.m; path = controllers/cards/CardDetailViewController.m; sourceTree = "<group>"; };
		F882A66719EF5F9C00DC4EFA /* GeneralNavigationController.h */ = {isa = PBXFileReference; fileEncoding = 4; lastKnownFileType = sourcecode.c.h; name = GeneralNavigationController.h; path = controllers/navs/GeneralNavigationController.h; sourceTree = "<group>"; };
		F882A66819EF5F9C00DC4EFA /* GeneralNavigationController.m */ = {isa = PBXFileReference; fileEncoding = 4; lastKnownFileType = sourcecode.c.objc; name = GeneralNavigationController.m; path = controllers/navs/GeneralNavigationController.m; sourceTree = "<group>"; };
		F882A66E19EF614700DC4EFA /* Base */ = {isa = PBXFileReference; lastKnownFileType = file.storyboard; name = Base; path = Base.lproj/Main_iPad.storyboard; sourceTree = "<group>"; };
		F882A67119EF615900DC4EFA /* Base */ = {isa = PBXFileReference; lastKnownFileType = file.storyboard; name = Base; path = Base.lproj/Main_iPhone.storyboard; sourceTree = "<group>"; };
		F882A67319EF648300DC4EFA /* InfoViewController.h */ = {isa = PBXFileReference; fileEncoding = 4; lastKnownFileType = sourcecode.c.h; name = InfoViewController.h; path = controllers/me/InfoViewController.h; sourceTree = "<group>"; };
		F882A67419EF648300DC4EFA /* InfoViewController.m */ = {isa = PBXFileReference; fileEncoding = 4; lastKnownFileType = sourcecode.c.objc; name = InfoViewController.m; path = controllers/me/InfoViewController.m; sourceTree = "<group>"; };
		F882A67719EF66D900DC4EFA /* CardCell.h */ = {isa = PBXFileReference; fileEncoding = 4; lastKnownFileType = sourcecode.c.h; name = CardCell.h; path = controllers/cards/CardCell.h; sourceTree = "<group>"; };
		F882A67819EF66D900DC4EFA /* CardCell.m */ = {isa = PBXFileReference; fileEncoding = 4; lastKnownFileType = sourcecode.c.objc; name = CardCell.m; path = controllers/cards/CardCell.m; sourceTree = "<group>"; };
		F882A67A19EF679B00DC4EFA /* Skin.xcassets */ = {isa = PBXFileReference; lastKnownFileType = folder.assetcatalog; path = Skin.xcassets; sourceTree = "<group>"; };
		F882A67F19EF728100DC4EFA /* 29.jpg */ = {isa = PBXFileReference; lastKnownFileType = image.jpeg; path = 29.jpg; sourceTree = "<group>"; };
		F882A68019EF728100DC4EFA /* card1.png */ = {isa = PBXFileReference; lastKnownFileType = image.png; path = card1.png; sourceTree = "<group>"; };
		F882A68119EF728100DC4EFA /* card2.png */ = {isa = PBXFileReference; lastKnownFileType = image.png; path = card2.png; sourceTree = "<group>"; };
		F882A68219EF728100DC4EFA /* zhoujielun.jpg */ = {isa = PBXFileReference; lastKnownFileType = image.jpeg; path = zhoujielun.jpg; sourceTree = "<group>"; };
		F882A68719EF72BA00DC4EFA /* qrcode1.png */ = {isa = PBXFileReference; lastKnownFileType = image.png; path = qrcode1.png; sourceTree = "<group>"; };
		F882A68819EF72BA00DC4EFA /* qrcode2.png */ = {isa = PBXFileReference; lastKnownFileType = image.png; path = qrcode2.png; sourceTree = "<group>"; };
		F882A68B19EF7C1E00DC4EFA /* yan.png */ = {isa = PBXFileReference; lastKnownFileType = image.png; path = yan.png; sourceTree = "<group>"; };
		F882A6AD19EF8D2100DC4EFA /* qrcode.xcodeproj */ = {isa = PBXFileReference; lastKnownFileType = "wrapper.pb-project"; name = qrcode.xcodeproj; path = qrcode/qrcode.xcodeproj; sourceTree = "<group>"; };
		F882A6B819EF9BF300DC4EFA /* CreateUserViewController.h */ = {isa = PBXFileReference; fileEncoding = 4; lastKnownFileType = sourcecode.c.h; name = CreateUserViewController.h; path = controllers/user/CreateUserViewController.h; sourceTree = "<group>"; };
		F882A6B919EF9BF300DC4EFA /* CreateUserViewController.m */ = {isa = PBXFileReference; fileEncoding = 4; lastKnownFileType = sourcecode.c.objc; name = CreateUserViewController.m; path = controllers/user/CreateUserViewController.m; sourceTree = "<group>"; };
		F882A6BB19EFA00A00DC4EFA /* button1.png */ = {isa = PBXFileReference; lastKnownFileType = image.png; path = button1.png; sourceTree = "<group>"; };
		F882A6BD19EFAAD400DC4EFA /* TabbarManager.h */ = {isa = PBXFileReference; fileEncoding = 4; lastKnownFileType = sourcecode.c.h; name = TabbarManager.h; path = controllers/TabbarManager.h; sourceTree = "<group>"; };
		F882A6BE19EFAAD400DC4EFA /* TabbarManager.m */ = {isa = PBXFileReference; fileEncoding = 4; lastKnownFileType = sourcecode.c.objc; name = TabbarManager.m; path = controllers/TabbarManager.m; sourceTree = "<group>"; };
		F882A6C119EFAC1800DC4EFA /* Foundation.framework */ = {isa = PBXFileReference; lastKnownFileType = wrapper.framework; name = Foundation.framework; path = System/Library/Frameworks/Foundation.framework; sourceTree = SDKROOT; };
		F882A6C319EFAC2100DC4EFA /* UIKit.framework */ = {isa = PBXFileReference; lastKnownFileType = wrapper.framework; name = UIKit.framework; path = System/Library/Frameworks/UIKit.framework; sourceTree = SDKROOT; };
		F882A6C519EFAC2F00DC4EFA /* CoreGraphics.framework */ = {isa = PBXFileReference; lastKnownFileType = wrapper.framework; name = CoreGraphics.framework; path = System/Library/Frameworks/CoreGraphics.framework; sourceTree = SDKROOT; };
		F882A6C719EFAC3500DC4EFA /* CoreData.framework */ = {isa = PBXFileReference; lastKnownFileType = wrapper.framework; name = CoreData.framework; path = System/Library/Frameworks/CoreData.framework; sourceTree = SDKROOT; };
		F882A6C919EFAD3400DC4EFA /* QuartzCore.framework */ = {isa = PBXFileReference; lastKnownFileType = wrapper.framework; name = QuartzCore.framework; path = System/Library/Frameworks/QuartzCore.framework; sourceTree = SDKROOT; };
		F882A6ED19EFB01300DC4EFA /* RequestManager.h */ = {isa = PBXFileReference; fileEncoding = 4; lastKnownFileType = sourcecode.c.h; name = RequestManager.h; path = Network/RequestManager.h; sourceTree = "<group>"; };
		F882A6EE19EFB01300DC4EFA /* RequestManager.m */ = {isa = PBXFileReference; fileEncoding = 4; lastKnownFileType = sourcecode.c.objc; name = RequestManager.m; path = Network/RequestManager.m; sourceTree = "<group>"; };
		F882A6F819EFB66400DC4EFA /* NSDate+Additions.h */ = {isa = PBXFileReference; fileEncoding = 4; lastKnownFileType = sourcecode.c.h; name = "NSDate+Additions.h"; path = "categorys/NSDate+Additions.h"; sourceTree = "<group>"; };
		F882A6F919EFB66400DC4EFA /* NSDate+Additions.m */ = {isa = PBXFileReference; fileEncoding = 4; lastKnownFileType = sourcecode.c.objc; name = "NSDate+Additions.m"; path = "categorys/NSDate+Additions.m"; sourceTree = "<group>"; };
		F882A6FA19EFB66400DC4EFA /* NSObject+DelayBlocks.h */ = {isa = PBXFileReference; fileEncoding = 4; lastKnownFileType = sourcecode.c.h; name = "NSObject+DelayBlocks.h"; path = "categorys/NSObject+DelayBlocks.h"; sourceTree = "<group>"; };
		F882A6FB19EFB66400DC4EFA /* NSObject+DelayBlocks.m */ = {isa = PBXFileReference; fileEncoding = 4; lastKnownFileType = sourcecode.c.objc; name = "NSObject+DelayBlocks.m"; path = "categorys/NSObject+DelayBlocks.m"; sourceTree = "<group>"; };
		F882A6FC19EFB66400DC4EFA /* NSObject+Json.h */ = {isa = PBXFileReference; fileEncoding = 4; lastKnownFileType = sourcecode.c.h; name = "NSObject+Json.h"; path = "categorys/NSObject+Json.h"; sourceTree = "<group>"; };
		F882A6FD19EFB66400DC4EFA /* NSObject+Json.m */ = {isa = PBXFileReference; fileEncoding = 4; lastKnownFileType = sourcecode.c.objc; name = "NSObject+Json.m"; path = "categorys/NSObject+Json.m"; sourceTree = "<group>"; };
		F882A72519EFBF8C00DC4EFA /* asihttp.xcodeproj */ = {isa = PBXFileReference; lastKnownFileType = "wrapper.pb-project"; name = asihttp.xcodeproj; path = asihttp/asihttp/asihttp.xcodeproj; sourceTree = "<group>"; };
		F886431419EFC5D1007E169D /* ASINetworkQueue.h */ = {isa = PBXFileReference; fileEncoding = 4; lastKnownFileType = sourcecode.c.h; name = ASINetworkQueue.h; path = asihttp/asihttp/asihttp/../code/ASINetworkQueue.h; sourceTree = SOURCE_ROOT; };
		F886431519EFC5D1007E169D /* ASIFormDataRequest.h */ = {isa = PBXFileReference; fileEncoding = 4; lastKnownFileType = sourcecode.c.h; name = ASIFormDataRequest.h; path = asihttp/asihttp/asihttp/../code/ASIFormDataRequest.h; sourceTree = SOURCE_ROOT; };
		F886431619EFC5D1007E169D /* ASIHTTPRequest.h */ = {isa = PBXFileReference; fileEncoding = 4; lastKnownFileType = sourcecode.c.h; name = ASIHTTPRequest.h; path = asihttp/asihttp/asihttp/../code/ASIHTTPRequest.h; sourceTree = SOURCE_ROOT; };
		F886431719EFCA9B007E169D /* libz.dylib */ = {isa = PBXFileReference; lastKnownFileType = "compiled.mach-o.dylib"; name = libz.dylib; path = usr/lib/libz.dylib; sourceTree = SDKROOT; };
		F886431919EFCAC0007E169D /* libstdc++.dylib */ = {isa = PBXFileReference; lastKnownFileType = "compiled.mach-o.dylib"; name = "libstdc++.dylib"; path = "usr/lib/libstdc++.dylib"; sourceTree = SDKROOT; };
		F886431B19EFCAD8007E169D /* libxml2.dylib */ = {isa = PBXFileReference; lastKnownFileType = "compiled.mach-o.dylib"; name = libxml2.dylib; path = usr/lib/libxml2.dylib; sourceTree = SDKROOT; };
		F886431E19EFCBEE007E169D /* CFNetwork.framework */ = {isa = PBXFileReference; lastKnownFileType = wrapper.framework; name = CFNetwork.framework; path = System/Library/Frameworks/CFNetwork.framework; sourceTree = SDKROOT; };
		F886432019EFCE5F007E169D /* SystemConfiguration.framework */ = {isa = PBXFileReference; lastKnownFileType = wrapper.framework; name = SystemConfiguration.framework; path = System/Library/Frameworks/SystemConfiguration.framework; sourceTree = SDKROOT; };
		F886432219EFCE93007E169D /* MobileCoreServices.framework */ = {isa = PBXFileReference; lastKnownFileType = wrapper.framework; name = MobileCoreServices.framework; path = System/Library/Frameworks/MobileCoreServices.framework; sourceTree = SDKROOT; };
		F88BA8AD19F4E3B600EF56DB /* DataManager+Card.h */ = {isa = PBXFileReference; fileEncoding = 4; lastKnownFileType = sourcecode.c.h; name = "DataManager+Card.h"; path = "DataManager/service/DataManager+Card.h"; sourceTree = "<group>"; };
		F88BA8AE19F4E3B600EF56DB /* DataManager+Card.m */ = {isa = PBXFileReference; fileEncoding = 4; lastKnownFileType = sourcecode.c.objc; name = "DataManager+Card.m"; path = "DataManager/service/DataManager+Card.m"; sourceTree = "<group>"; };
		F88BA8B519F4E81C00EF56DB /* Account.h */ = {isa = PBXFileReference; fileEncoding = 4; lastKnownFileType = sourcecode.c.h; name = Account.h; path = DataManager/Account.h; sourceTree = "<group>"; };
		F88BA8B619F4E81C00EF56DB /* Account.m */ = {isa = PBXFileReference; fileEncoding = 4; lastKnownFileType = sourcecode.c.objc; name = Account.m; path = DataManager/Account.m; sourceTree = "<group>"; };
		F88BA8C019F50B8400EF56DB /* CardSelectedListViewController.h */ = {isa = PBXFileReference; fileEncoding = 4; lastKnownFileType = sourcecode.c.h; name = CardSelectedListViewController.h; path = controllers/me/CardSelectedListViewController.h; sourceTree = "<group>"; };
		F88BA8C119F50B8400EF56DB /* CardSelectedListViewController.m */ = {isa = PBXFileReference; fileEncoding = 4; lastKnownFileType = sourcecode.c.objc; name = CardSelectedListViewController.m; path = controllers/me/CardSelectedListViewController.m; sourceTree = "<group>"; };
		F88BA8C319F50BBD00EF56DB /* CardSelectedViewController.h */ = {isa = PBXFileReference; fileEncoding = 4; lastKnownFileType = sourcecode.c.h; name = CardSelectedViewController.h; path = controllers/me/CardSelectedViewController.h; sourceTree = "<group>"; };
		F88BA8C419F50BBD00EF56DB /* CardSelectedViewController.m */ = {isa = PBXFileReference; fileEncoding = 4; lastKnownFileType = sourcecode.c.objc; name = CardSelectedViewController.m; path = controllers/me/CardSelectedViewController.m; sourceTree = "<group>"; };
		F8BF1ED019F0AB4C005D7589 /* AVFoundation.framework */ = {isa = PBXFileReference; lastKnownFileType = wrapper.framework; name = AVFoundation.framework; path = System/Library/Frameworks/AVFoundation.framework; sourceTree = SDKROOT; };
		F8BF1EEA19F0C7D3005D7589 /* QRUtil.h */ = {isa = PBXFileReference; fileEncoding = 4; lastKnownFileType = sourcecode.c.h; name = QRUtil.h; path = ../qrcode/QRUtil.h; sourceTree = "<group>"; };
		F8BF1EED19F0CCA6005D7589 /* KarBao.xcdatamodel */ = {isa = PBXFileReference; lastKnownFileType = wrapper.xcdatamodel; path = KarBao.xcdatamodel; sourceTree = "<group>"; };
		F8BF1EF419F0EF10005D7589 /* qr_border@2x.png */ = {isa = PBXFileReference; lastKnownFileType = image.png; path = "qr_border@2x.png"; sourceTree = "<group>"; };
		F8BF1EF519F0EF10005D7589 /* qr_line@2x.png */ = {isa = PBXFileReference; lastKnownFileType = image.png; path = "qr_line@2x.png"; sourceTree = "<group>"; };
		F8BF1EF919F0FCFC005D7589 /* Util.h */ = {isa = PBXFileReference; fileEncoding = 4; lastKnownFileType = sourcecode.c.h; name = Util.h; path = tools/Util.h; sourceTree = "<group>"; };
		F8BF1EFA19F0FCFC005D7589 /* Util.m */ = {isa = PBXFileReference; fileEncoding = 4; lastKnownFileType = sourcecode.c.objc; name = Util.m; path = tools/Util.m; sourceTree = "<group>"; };
		F8BF1EFC19F103E5005D7589 /* common.pch */ = {isa = PBXFileReference; fileEncoding = 4; lastKnownFileType = sourcecode.c.h; path = common.pch; sourceTree = "<group>"; };
		F8BF1EFE19F1085F005D7589 /* Base */ = {isa = PBXFileReference; lastKnownFileType = file.storyboard; name = Base; path = Base.lproj/ToolKit_iPad.storyboard; sourceTree = "<group>"; };
		F8BF1F0019F10B90005D7589 /* DataManager.h */ = {isa = PBXFileReference; fileEncoding = 4; lastKnownFileType = sourcecode.c.h; name = DataManager.h; path = DataManager/DataManager.h; sourceTree = "<group>"; };
		F8BF1F0119F10B90005D7589 /* DataManager.m */ = {isa = PBXFileReference; fileEncoding = 4; lastKnownFileType = sourcecode.c.objc; name = DataManager.m; path = DataManager/DataManager.m; sourceTree = "<group>"; };
/* End PBXFileReference section */

/* Begin PBXFrameworksBuildPhase section */
		F8281E3219EE59300087E42B /* Frameworks */ = {
			isa = PBXFrameworksBuildPhase;
			buildActionMask = 2147483647;
			files = (
				F8BF1EE319F0BF6F005D7589 /* libqrcode.a in Frameworks */,
				F8BF1ED119F0AB4C005D7589 /* AVFoundation.framework in Frameworks */,
				F886432319EFCE93007E169D /* MobileCoreServices.framework in Frameworks */,
				F886432119EFCE5F007E169D /* SystemConfiguration.framework in Frameworks */,
				F886431F19EFCBEE007E169D /* CFNetwork.framework in Frameworks */,
				F886431C19EFCAD8007E169D /* libxml2.dylib in Frameworks */,
				F886431A19EFCAC0007E169D /* libstdc++.dylib in Frameworks */,
				F886431819EFCA9B007E169D /* libz.dylib in Frameworks */,
				F886431319EFC5A4007E169D /* libasihttp.a in Frameworks */,
				F882A6CA19EFAD3400DC4EFA /* QuartzCore.framework in Frameworks */,
				F882A6C819EFAC3500DC4EFA /* CoreData.framework in Frameworks */,
				F882A6C619EFAC2F00DC4EFA /* CoreGraphics.framework in Frameworks */,
				F882A6C419EFAC2100DC4EFA /* UIKit.framework in Frameworks */,
				F882A6C219EFAC1800DC4EFA /* Foundation.framework in Frameworks */,
			);
			runOnlyForDeploymentPostprocessing = 0;
		};
		F8281E4B19EE59300087E42B /* Frameworks */ = {
			isa = PBXFrameworksBuildPhase;
			buildActionMask = 2147483647;
			files = (
			);
			runOnlyForDeploymentPostprocessing = 0;
		};
/* End PBXFrameworksBuildPhase section */

/* Begin PBXGroup section */
		F8281E2C19EE59300087E42B = {
			isa = PBXGroup;
			children = (
				F882A72519EFBF8C00DC4EFA /* asihttp.xcodeproj */,
				F882A6AD19EF8D2100DC4EFA /* qrcode.xcodeproj */,
				F8281E3719EE59300087E42B /* KarBao */,
				F8281E5119EE59300087E42B /* KarBaoTests */,
				F882A6B619EF8D2F00DC4EFA /* Frameworks */,
				F8281E3619EE59300087E42B /* Products */,
			);
			sourceTree = "<group>";
		};
		F8281E3619EE59300087E42B /* Products */ = {
			isa = PBXGroup;
			children = (
				F8281E3519EE59300087E42B /* KarBao.app */,
				F8281E4E19EE59300087E42B /* KarBaoTests.xctest */,
			);
			name = Products;
			sourceTree = "<group>";
		};
		F8281E3719EE59300087E42B /* KarBao */ = {
			isa = PBXGroup;
			children = (
				F8BF1EEB19F0CAF9005D7589 /* DataManager */,
				F8BF1EE719F0C7A9005D7589 /* libsheader */,
				F882A6DA19EFADEC00DC4EFA /* libs */,
				F882A6D919EFADE300DC4EFA /* include */,
				F882A6F719EFB5A000DC4EFA /* categorys */,
				F882A6EC19EFB00400DC4EFA /* Network */,
				F882A67E19EF728100DC4EFA /* resource */,
				F882A65D19EF5E8000DC4EFA /* controllers */,
				F8BF1EF819F0FCAD005D7589 /* tools */,
				F8281E3C19EE59300087E42B /* AppDelegate.h */,
				F8281E3D19EE59300087E42B /* AppDelegate.m */,
				F882A67A19EF679B00DC4EFA /* Skin.xcassets */,
				F8281E4519EE59300087E42B /* Images.xcassets */,
				F882A66D19EF614700DC4EFA /* Main_iPad.storyboard */,
				F882A67019EF615900DC4EFA /* Main_iPhone.storyboard */,
				F8281E4719EE59300087E42B /* LaunchScreen.xib */,
				F8BF1EFD19F1085F005D7589 /* ToolKit_iPad.storyboard */,
				F8281E3819EE59300087E42B /* Supporting Files */,
			);
			path = KarBao;
			sourceTree = "<group>";
		};
		F8281E3819EE59300087E42B /* Supporting Files */ = {
			isa = PBXGroup;
			children = (
				F8281E3919EE59300087E42B /* Info.plist */,
				F8281E3A19EE59300087E42B /* main.m */,
				F8BF1EFC19F103E5005D7589 /* common.pch */,
			);
			name = "Supporting Files";
			sourceTree = "<group>";
		};
		F8281E5119EE59300087E42B /* KarBaoTests */ = {
			isa = PBXGroup;
			children = (
				F8281E5419EE59300087E42B /* KarBaoTests.m */,
				F8281E5219EE59300087E42B /* Supporting Files */,
			);
			path = KarBaoTests;
			sourceTree = "<group>";
		};
		F8281E5219EE59300087E42B /* Supporting Files */ = {
			isa = PBXGroup;
			children = (
				F8281E5319EE59300087E42B /* Info.plist */,
			);
			name = "Supporting Files";
			sourceTree = "<group>";
		};
		F882A65D19EF5E8000DC4EFA /* controllers */ = {
			isa = PBXGroup;
			children = (
				F882A6B719EF9BC900DC4EFA /* user */,
				F882A66619EF5F6800DC4EFA /* navs */,
				F882A66519EF5F0B00DC4EFA /* me */,
				F882A65E19EF5E9800DC4EFA /* card */,
				F882A6BD19EFAAD400DC4EFA /* TabbarManager.h */,
				F882A6BE19EFAAD400DC4EFA /* TabbarManager.m */,
			);
			name = controllers;
			sourceTree = "<group>";
		};
		F882A65E19EF5E9800DC4EFA /* card */ = {
			isa = PBXGroup;
			children = (
				F882A67619EF66AB00DC4EFA /* cells */,
				F882A65F19EF5EEB00DC4EFA /* CardsViewController.h */,
				F882A66019EF5EEB00DC4EFA /* CardsViewController.m */,
				F882A66219EF5F0500DC4EFA /* CardDetailViewController.h */,
				F882A66319EF5F0500DC4EFA /* CardDetailViewController.m */,
			);
			name = card;
			sourceTree = "<group>";
		};
		F882A66519EF5F0B00DC4EFA /* me */ = {
			isa = PBXGroup;
			children = (
				F882A67319EF648300DC4EFA /* InfoViewController.h */,
				F882A67419EF648300DC4EFA /* InfoViewController.m */,
				F88BA8C319F50BBD00EF56DB /* CardSelectedViewController.h */,
				F88BA8C419F50BBD00EF56DB /* CardSelectedViewController.m */,
				F88BA8C019F50B8400EF56DB /* CardSelectedListViewController.h */,
				F88BA8C119F50B8400EF56DB /* CardSelectedListViewController.m */,
			);
			name = me;
			sourceTree = "<group>";
		};
		F882A66619EF5F6800DC4EFA /* navs */ = {
			isa = PBXGroup;
			children = (
				F882A66719EF5F9C00DC4EFA /* GeneralNavigationController.h */,
				F882A66819EF5F9C00DC4EFA /* GeneralNavigationController.m */,
			);
			name = navs;
			sourceTree = "<group>";
		};
		F882A67619EF66AB00DC4EFA /* cells */ = {
			isa = PBXGroup;
			children = (
				F882A67719EF66D900DC4EFA /* CardCell.h */,
				F882A67819EF66D900DC4EFA /* CardCell.m */,
			);
			name = cells;
			sourceTree = "<group>";
		};
		F882A67E19EF728100DC4EFA /* resource */ = {
			isa = PBXGroup;
			children = (
				F8BF1EF419F0EF10005D7589 /* qr_border@2x.png */,
				F8BF1EF519F0EF10005D7589 /* qr_line@2x.png */,
				F882A6BB19EFA00A00DC4EFA /* button1.png */,
				F882A68B19EF7C1E00DC4EFA /* yan.png */,
				F882A68719EF72BA00DC4EFA /* qrcode1.png */,
				F882A68819EF72BA00DC4EFA /* qrcode2.png */,
				F882A67F19EF728100DC4EFA /* 29.jpg */,
				F882A68019EF728100DC4EFA /* card1.png */,
				F882A68119EF728100DC4EFA /* card2.png */,
				F882A68219EF728100DC4EFA /* zhoujielun.jpg */,
			);
			path = resource;
			sourceTree = "<group>";
		};
		F882A6AE19EF8D2100DC4EFA /* Products */ = {
			isa = PBXGroup;
			children = (
				F882A6B319EF8D2200DC4EFA /* libqrcode.a */,
			);
			name = Products;
			sourceTree = "<group>";
		};
		F882A6B619EF8D2F00DC4EFA /* Frameworks */ = {
			isa = PBXGroup;
			children = (
				F8BF1ED019F0AB4C005D7589 /* AVFoundation.framework */,
				F886432219EFCE93007E169D /* MobileCoreServices.framework */,
				F886432019EFCE5F007E169D /* SystemConfiguration.framework */,
				F886431E19EFCBEE007E169D /* CFNetwork.framework */,
				F886431B19EFCAD8007E169D /* libxml2.dylib */,
				F886431919EFCAC0007E169D /* libstdc++.dylib */,
				F886431719EFCA9B007E169D /* libz.dylib */,
				F882A6C919EFAD3400DC4EFA /* QuartzCore.framework */,
				F882A6C719EFAC3500DC4EFA /* CoreData.framework */,
				F882A6C519EFAC2F00DC4EFA /* CoreGraphics.framework */,
				F882A6C319EFAC2100DC4EFA /* UIKit.framework */,
				F882A6C119EFAC1800DC4EFA /* Foundation.framework */,
			);
			name = Frameworks;
			sourceTree = "<group>";
		};
		F882A6B719EF9BC900DC4EFA /* user */ = {
			isa = PBXGroup;
			children = (
				F882A6B819EF9BF300DC4EFA /* CreateUserViewController.h */,
				F882A6B919EF9BF300DC4EFA /* CreateUserViewController.m */,
			);
			name = user;
			sourceTree = "<group>";
		};
		F882A6D919EFADE300DC4EFA /* include */ = {
			isa = PBXGroup;
			children = (
			);
			name = include;
			sourceTree = "<group>";
		};
		F882A6DA19EFADEC00DC4EFA /* libs */ = {
			isa = PBXGroup;
			children = (
			);
			name = libs;
			sourceTree = "<group>";
		};
		F882A6EC19EFB00400DC4EFA /* Network */ = {
			isa = PBXGroup;
			children = (
				F882A6ED19EFB01300DC4EFA /* RequestManager.h */,
				F882A6EE19EFB01300DC4EFA /* RequestManager.m */,
			);
			name = Network;
			sourceTree = "<group>";
		};
		F882A6F719EFB5A000DC4EFA /* categorys */ = {
			isa = PBXGroup;
			children = (
				F882A6F819EFB66400DC4EFA /* NSDate+Additions.h */,
				F882A6F919EFB66400DC4EFA /* NSDate+Additions.m */,
				F882A6FA19EFB66400DC4EFA /* NSObject+DelayBlocks.h */,
				F882A6FB19EFB66400DC4EFA /* NSObject+DelayBlocks.m */,
				F882A6FC19EFB66400DC4EFA /* NSObject+Json.h */,
				F882A6FD19EFB66400DC4EFA /* NSObject+Json.m */,
			);
			name = categorys;
			sourceTree = "<group>";
		};
		F882A72619EFBF8C00DC4EFA /* Products */ = {
			isa = PBXGroup;
			children = (
				F882A72B19EFBF8D00DC4EFA /* libasihttp.a */,
			);
			name = Products;
			sourceTree = "<group>";
		};
		F88BA8A919F4E36900EF56DB /* service */ = {
			isa = PBXGroup;
			children = (
				F88BA8AD19F4E3B600EF56DB /* DataManager+Card.h */,
				F88BA8AE19F4E3B600EF56DB /* DataManager+Card.m */,
			);
			name = service;
			sourceTree = "<group>";
		};
		F8BF1EE719F0C7A9005D7589 /* libsheader */ = {
			isa = PBXGroup;
			children = (
				F8BF1EE919F0C7C0005D7589 /* qrcode */,
				F8BF1EE819F0C7B3005D7589 /* asihttp */,
			);
			name = libsheader;
			sourceTree = "<group>";
		};
		F8BF1EE819F0C7B3005D7589 /* asihttp */ = {
			isa = PBXGroup;
			children = (
				F886431419EFC5D1007E169D /* ASINetworkQueue.h */,
				F886431519EFC5D1007E169D /* ASIFormDataRequest.h */,
				F886431619EFC5D1007E169D /* ASIHTTPRequest.h */,
			);
			name = asihttp;
			sourceTree = "<group>";
		};
		F8BF1EE919F0C7C0005D7589 /* qrcode */ = {
			isa = PBXGroup;
			children = (
				F8BF1EEA19F0C7D3005D7589 /* QRUtil.h */,
			);
			name = qrcode;
			sourceTree = "<group>";
		};
		F8BF1EEB19F0CAF9005D7589 /* DataManager */ = {
			isa = PBXGroup;
			children = (
				F88BA8A919F4E36900EF56DB /* service */,
				F8BF1EEF19F0CCB3005D7589 /* managedobjs */,
				F8BF1EEC19F0CCA6005D7589 /* KarBao.xcdatamodeld */,
				F8BF1F0019F10B90005D7589 /* DataManager.h */,
				F8BF1F0119F10B90005D7589 /* DataManager.m */,
				F88BA8B519F4E81C00EF56DB /* Account.h */,
				F88BA8B619F4E81C00EF56DB /* Account.m */,
			);
			name = DataManager;
			sourceTree = "<group>";
		};
		F8BF1EEF19F0CCB3005D7589 /* managedobjs */ = {
			isa = PBXGroup;
			children = (
				F814D07619F8F8ED00836D80 /* User.h */,
				F814D07719F8F8ED00836D80 /* User.m */,
				F814D07319F8F8EC00836D80 /* Card.h */,
				F814D07419F8F8EC00836D80 /* Card.m */,
			);
			name = managedobjs;
			sourceTree = "<group>";
		};
		F8BF1EF819F0FCAD005D7589 /* tools */ = {
			isa = PBXGroup;
			children = (
				F8BF1EF919F0FCFC005D7589 /* Util.h */,
				F8BF1EFA19F0FCFC005D7589 /* Util.m */,
			);
			name = tools;
			sourceTree = "<group>";
		};
/* End PBXGroup section */

/* Begin PBXNativeTarget section */
		F8281E3419EE59300087E42B /* KarBao */ = {
			isa = PBXNativeTarget;
			buildConfigurationList = F8281E5819EE59300087E42B /* Build configuration list for PBXNativeTarget "KarBao" */;
			buildPhases = (
				F8281E3119EE59300087E42B /* Sources */,
				F8281E3219EE59300087E42B /* Frameworks */,
				F8281E3319EE59300087E42B /* Resources */,
			);
			buildRules = (
			);
			dependencies = (
			);
			name = KarBao;
			productName = KarBao;
			productReference = F8281E3519EE59300087E42B /* KarBao.app */;
			productType = "com.apple.product-type.application";
		};
		F8281E4D19EE59300087E42B /* KarBaoTests */ = {
			isa = PBXNativeTarget;
			buildConfigurationList = F8281E5B19EE59300087E42B /* Build configuration list for PBXNativeTarget "KarBaoTests" */;
			buildPhases = (
				F8281E4A19EE59300087E42B /* Sources */,
				F8281E4B19EE59300087E42B /* Frameworks */,
				F8281E4C19EE59300087E42B /* Resources */,
			);
			buildRules = (
			);
			dependencies = (
				F8281E5019EE59300087E42B /* PBXTargetDependency */,
			);
			name = KarBaoTests;
			productName = KarBaoTests;
			productReference = F8281E4E19EE59300087E42B /* KarBaoTests.xctest */;
			productType = "com.apple.product-type.bundle.unit-test";
		};
/* End PBXNativeTarget section */

/* Begin PBXProject section */
		F8281E2D19EE59300087E42B /* Project object */ = {
			isa = PBXProject;
			attributes = {
				LastUpgradeCheck = 0600;
				ORGANIZATIONNAME = Caland;
				TargetAttributes = {
					F8281E3419EE59300087E42B = {
						CreatedOnToolsVersion = 6.0.1;
						DevelopmentTeam = C3G79G7UVP;
					};
					F8281E4D19EE59300087E42B = {
						CreatedOnToolsVersion = 6.0.1;
						TestTargetID = F8281E3419EE59300087E42B;
					};
				};
			};
			buildConfigurationList = F8281E3019EE59300087E42B /* Build configuration list for PBXProject "KarBao" */;
			compatibilityVersion = "Xcode 3.2";
			developmentRegion = English;
			hasScannedForEncodings = 0;
			knownRegions = (
				en,
				Base,
			);
			mainGroup = F8281E2C19EE59300087E42B;
			productRefGroup = F8281E3619EE59300087E42B /* Products */;
			projectDirPath = "";
			projectReferences = (
				{
					ProductGroup = F882A72619EFBF8C00DC4EFA /* Products */;
					ProjectRef = F882A72519EFBF8C00DC4EFA /* asihttp.xcodeproj */;
				},
				{
					ProductGroup = F882A6AE19EF8D2100DC4EFA /* Products */;
					ProjectRef = F882A6AD19EF8D2100DC4EFA /* qrcode.xcodeproj */;
				},
			);
			projectRoot = "";
			targets = (
				F8281E3419EE59300087E42B /* KarBao */,
				F8281E4D19EE59300087E42B /* KarBaoTests */,
			);
		};
/* End PBXProject section */

/* Begin PBXReferenceProxy section */
		F882A6B319EF8D2200DC4EFA /* libqrcode.a */ = {
			isa = PBXReferenceProxy;
			fileType = archive.ar;
			path = libqrcode.a;
			remoteRef = F882A6B219EF8D2200DC4EFA /* PBXContainerItemProxy */;
			sourceTree = BUILT_PRODUCTS_DIR;
		};
		F882A72B19EFBF8D00DC4EFA /* libasihttp.a */ = {
			isa = PBXReferenceProxy;
			fileType = archive.ar;
			path = libasihttp.a;
			remoteRef = F882A72A19EFBF8D00DC4EFA /* PBXContainerItemProxy */;
			sourceTree = BUILT_PRODUCTS_DIR;
		};
/* End PBXReferenceProxy section */

/* Begin PBXResourcesBuildPhase section */
		F8281E3319EE59300087E42B /* Resources */ = {
			isa = PBXResourcesBuildPhase;
			buildActionMask = 2147483647;
			files = (
				F882A68519EF728100DC4EFA /* card2.png in Resources */,
				F8BF1EFF19F1085F005D7589 /* ToolKit_iPad.storyboard in Resources */,
				F8BF1EF719F0EF10005D7589 /* qr_line@2x.png in Resources */,
				F882A67219EF615900DC4EFA /* Main_iPhone.storyboard in Resources */,
				F882A67B19EF679B00DC4EFA /* Skin.xcassets in Resources */,
				F882A68919EF72BA00DC4EFA /* qrcode1.png in Resources */,
				F882A68A19EF72BA00DC4EFA /* qrcode2.png in Resources */,
				F882A68319EF728100DC4EFA /* 29.jpg in Resources */,
				F882A68C19EF7C1E00DC4EFA /* yan.png in Resources */,
				F882A66F19EF614700DC4EFA /* Main_iPad.storyboard in Resources */,
				F8281E4919EE59300087E42B /* LaunchScreen.xib in Resources */,
				F8BF1EF619F0EF10005D7589 /* qr_border@2x.png in Resources */,
				F8281E4619EE59300087E42B /* Images.xcassets in Resources */,
				F882A68619EF728100DC4EFA /* zhoujielun.jpg in Resources */,
				F882A68419EF728100DC4EFA /* card1.png in Resources */,
				F882A6BC19EFA00A00DC4EFA /* button1.png in Resources */,
			);
			runOnlyForDeploymentPostprocessing = 0;
		};
		F8281E4C19EE59300087E42B /* Resources */ = {
			isa = PBXResourcesBuildPhase;
			buildActionMask = 2147483647;
			files = (
			);
			runOnlyForDeploymentPostprocessing = 0;
		};
/* End PBXResourcesBuildPhase section */

/* Begin PBXSourcesBuildPhase section */
		F8281E3119EE59300087E42B /* Sources */ = {
			isa = PBXSourcesBuildPhase;
			buildActionMask = 2147483647;
			files = (
				F882A66119EF5EEB00DC4EFA /* CardsViewController.m in Sources */,
				F882A6FF19EFB66400DC4EFA /* NSObject+DelayBlocks.m in Sources */,
				F8281E3E19EE59300087E42B /* AppDelegate.m in Sources */,
				F882A6BF19EFAAD400DC4EFA /* TabbarManager.m in Sources */,
				F88BA8AF19F4E3B600EF56DB /* DataManager+Card.m in Sources */,
				F814D07519F8F8EC00836D80 /* Card.m in Sources */,
				F814D07819F8F8ED00836D80 /* User.m in Sources */,
				F882A6BA19EF9BF300DC4EFA /* CreateUserViewController.m in Sources */,
				F8BF1EFB19F0FCFC005D7589 /* Util.m in Sources */,
				F882A6FE19EFB66400DC4EFA /* NSDate+Additions.m in Sources */,
				F88BA8C219F50B8400EF56DB /* CardSelectedListViewController.m in Sources */,
				F882A70019EFB66400DC4EFA /* NSObject+Json.m in Sources */,
				F8281E3B19EE59300087E42B /* main.m in Sources */,
				F88BA8C519F50BBD00EF56DB /* CardSelectedViewController.m in Sources */,
				F882A6EF19EFB01300DC4EFA /* RequestManager.m in Sources */,
				F88BA8B719F4E81C00EF56DB /* Account.m in Sources */,
				F882A66919EF5F9C00DC4EFA /* GeneralNavigationController.m in Sources */,
				F882A67519EF648300DC4EFA /* InfoViewController.m in Sources */,
				F8BF1EEE19F0CCA6005D7589 /* KarBao.xcdatamodeld in Sources */,
				F8BF1F0219F10B90005D7589 /* DataManager.m in Sources */,
				F882A66419EF5F0500DC4EFA /* CardDetailViewController.m in Sources */,
				F882A67919EF66D900DC4EFA /* CardCell.m in Sources */,
			);
			runOnlyForDeploymentPostprocessing = 0;
		};
		F8281E4A19EE59300087E42B /* Sources */ = {
			isa = PBXSourcesBuildPhase;
			buildActionMask = 2147483647;
			files = (
				F8281E5519EE59300087E42B /* KarBaoTests.m in Sources */,
			);
			runOnlyForDeploymentPostprocessing = 0;
		};
/* End PBXSourcesBuildPhase section */

/* Begin PBXTargetDependency section */
		F8281E5019EE59300087E42B /* PBXTargetDependency */ = {
			isa = PBXTargetDependency;
			target = F8281E3419EE59300087E42B /* KarBao */;
			targetProxy = F8281E4F19EE59300087E42B /* PBXContainerItemProxy */;
		};
/* End PBXTargetDependency section */

/* Begin PBXVariantGroup section */
		F8281E4719EE59300087E42B /* LaunchScreen.xib */ = {
			isa = PBXVariantGroup;
			children = (
				F8281E4819EE59300087E42B /* Base */,
			);
			name = LaunchScreen.xib;
			sourceTree = "<group>";
		};
		F882A66D19EF614700DC4EFA /* Main_iPad.storyboard */ = {
			isa = PBXVariantGroup;
			children = (
				F882A66E19EF614700DC4EFA /* Base */,
			);
			name = Main_iPad.storyboard;
			sourceTree = "<group>";
		};
		F882A67019EF615900DC4EFA /* Main_iPhone.storyboard */ = {
			isa = PBXVariantGroup;
			children = (
				F882A67119EF615900DC4EFA /* Base */,
			);
			name = Main_iPhone.storyboard;
			sourceTree = "<group>";
		};
		F8BF1EFD19F1085F005D7589 /* ToolKit_iPad.storyboard */ = {
			isa = PBXVariantGroup;
			children = (
				F8BF1EFE19F1085F005D7589 /* Base */,
			);
			name = ToolKit_iPad.storyboard;
			sourceTree = "<group>";
		};
/* End PBXVariantGroup section */

/* Begin XCBuildConfiguration section */
		F8281E5619EE59300087E42B /* Debug */ = {
			isa = XCBuildConfiguration;
			buildSettings = {
				ALWAYS_SEARCH_USER_PATHS = NO;
				CLANG_CXX_LANGUAGE_STANDARD = "gnu++0x";
				CLANG_CXX_LIBRARY = "libc++";
				CLANG_ENABLE_MODULES = YES;
				CLANG_ENABLE_OBJC_ARC = YES;
				CLANG_WARN_BOOL_CONVERSION = YES;
				CLANG_WARN_CONSTANT_CONVERSION = YES;
				CLANG_WARN_DIRECT_OBJC_ISA_USAGE = YES_ERROR;
				CLANG_WARN_EMPTY_BODY = YES;
				CLANG_WARN_ENUM_CONVERSION = YES;
				CLANG_WARN_INT_CONVERSION = YES;
				CLANG_WARN_OBJC_ROOT_CLASS = YES_ERROR;
				CLANG_WARN_UNREACHABLE_CODE = YES;
				CLANG_WARN__DUPLICATE_METHOD_MATCH = YES;
				"CODE_SIGN_IDENTITY[sdk=iphoneos*]" = "iPhone Developer";
				COPY_PHASE_STRIP = NO;
				ENABLE_STRICT_OBJC_MSGSEND = YES;
				GCC_C_LANGUAGE_STANDARD = gnu99;
				GCC_DYNAMIC_NO_PIC = NO;
				GCC_OPTIMIZATION_LEVEL = 0;
				GCC_PREPROCESSOR_DEFINITIONS = (
					"DEBUG=1",
					"$(inherited)",
				);
				GCC_SYMBOLS_PRIVATE_EXTERN = NO;
				GCC_WARN_64_TO_32_BIT_CONVERSION = YES;
				GCC_WARN_ABOUT_RETURN_TYPE = YES_ERROR;
				GCC_WARN_UNDECLARED_SELECTOR = YES;
				GCC_WARN_UNINITIALIZED_AUTOS = YES_AGGRESSIVE;
				GCC_WARN_UNUSED_FUNCTION = YES;
				GCC_WARN_UNUSED_VARIABLE = YES;
				IPHONEOS_DEPLOYMENT_TARGET = 8.0;
				MTL_ENABLE_DEBUG_INFO = YES;
				ONLY_ACTIVE_ARCH = YES;
				SDKROOT = iphoneos;
				TARGETED_DEVICE_FAMILY = "1,2";
			};
			name = Debug;
		};
		F8281E5719EE59300087E42B /* Release */ = {
			isa = XCBuildConfiguration;
			buildSettings = {
				ALWAYS_SEARCH_USER_PATHS = NO;
				CLANG_CXX_LANGUAGE_STANDARD = "gnu++0x";
				CLANG_CXX_LIBRARY = "libc++";
				CLANG_ENABLE_MODULES = YES;
				CLANG_ENABLE_OBJC_ARC = YES;
				CLANG_WARN_BOOL_CONVERSION = YES;
				CLANG_WARN_CONSTANT_CONVERSION = YES;
				CLANG_WARN_DIRECT_OBJC_ISA_USAGE = YES_ERROR;
				CLANG_WARN_EMPTY_BODY = YES;
				CLANG_WARN_ENUM_CONVERSION = YES;
				CLANG_WARN_INT_CONVERSION = YES;
				CLANG_WARN_OBJC_ROOT_CLASS = YES_ERROR;
				CLANG_WARN_UNREACHABLE_CODE = YES;
				CLANG_WARN__DUPLICATE_METHOD_MATCH = YES;
				"CODE_SIGN_IDENTITY[sdk=iphoneos*]" = "iPhone Developer";
				COPY_PHASE_STRIP = YES;
				ENABLE_NS_ASSERTIONS = NO;
				ENABLE_STRICT_OBJC_MSGSEND = YES;
				GCC_C_LANGUAGE_STANDARD = gnu99;
				GCC_WARN_64_TO_32_BIT_CONVERSION = YES;
				GCC_WARN_ABOUT_RETURN_TYPE = YES_ERROR;
				GCC_WARN_UNDECLARED_SELECTOR = YES;
				GCC_WARN_UNINITIALIZED_AUTOS = YES_AGGRESSIVE;
				GCC_WARN_UNUSED_FUNCTION = YES;
				GCC_WARN_UNUSED_VARIABLE = YES;
				IPHONEOS_DEPLOYMENT_TARGET = 8.0;
				MTL_ENABLE_DEBUG_INFO = NO;
				SDKROOT = iphoneos;
				TARGETED_DEVICE_FAMILY = "1,2";
				VALIDATE_PRODUCT = YES;
			};
			name = Release;
		};
		F8281E5919EE59300087E42B /* Debug */ = {
			isa = XCBuildConfiguration;
			buildSettings = {
				ARCHS = (
					armv7s,
					armv7,
				);
				ASSETCATALOG_COMPILER_APPICON_NAME = AppIcon;
				CODE_SIGN_IDENTITY = "iPhone Developer";
				GCC_PRECOMPILE_PREFIX_HEADER = YES;
				GCC_PREFIX_HEADER = KarBao/common.pch;
				INFOPLIST_FILE = KarBao/Info.plist;
				IPHONEOS_DEPLOYMENT_TARGET = 7.1;
				LD_RUNPATH_SEARCH_PATHS = "$(inherited) @executable_path/Frameworks";
				LIBRARY_SEARCH_PATHS = (
					"$(inherited)",
					"$(PROJECT_DIR)/KarBao/libs",
				);
				ONLY_ACTIVE_ARCH = YES;
				PRODUCT_NAME = "$(TARGET_NAME)";
				TARGETED_DEVICE_FAMILY = "1,2";
				VALID_ARCHS = "arm64 armv7 armv7s";
			};
			name = Debug;
		};
		F8281E5A19EE59300087E42B /* Release */ = {
			isa = XCBuildConfiguration;
			buildSettings = {
				ARCHS = (
					armv7s,
					armv7,
				);
				ASSETCATALOG_COMPILER_APPICON_NAME = AppIcon;
				CODE_SIGN_IDENTITY = "iPhone Developer";
				GCC_PRECOMPILE_PREFIX_HEADER = YES;
				GCC_PREFIX_HEADER = KarBao/common.pch;
				INFOPLIST_FILE = KarBao/Info.plist;
				IPHONEOS_DEPLOYMENT_TARGET = 7.1;
				LD_RUNPATH_SEARCH_PATHS = "$(inherited) @executable_path/Frameworks";
				LIBRARY_SEARCH_PATHS = (
					"$(inherited)",
					"$(PROJECT_DIR)/KarBao/libs",
				);
				ONLY_ACTIVE_ARCH = YES;
				PRODUCT_NAME = "$(TARGET_NAME)";
				TARGETED_DEVICE_FAMILY = "1,2";
				VALID_ARCHS = "arm64 armv7 armv7s";
			};
			name = Release;
		};
		F8281E5C19EE59300087E42B /* Debug */ = {
			isa = XCBuildConfiguration;
			buildSettings = {
				BUNDLE_LOADER = "$(TEST_HOST)";
				FRAMEWORK_SEARCH_PATHS = (
					"$(SDKROOT)/Developer/Library/Frameworks",
					"$(inherited)",
				);
				GCC_PREPROCESSOR_DEFINITIONS = (
					"DEBUG=1",
					"$(inherited)",
				);
				INFOPLIST_FILE = KarBaoTests/Info.plist;
				LD_RUNPATH_SEARCH_PATHS = "$(inherited) @executable_path/Frameworks @loader_path/Frameworks";
				PRODUCT_NAME = "$(TARGET_NAME)";
				TEST_HOST = "$(BUILT_PRODUCTS_DIR)/KarBao.app/KarBao";
			};
			name = Debug;
		};
		F8281E5D19EE59300087E42B /* Release */ = {
			isa = XCBuildConfiguration;
			buildSettings = {
				BUNDLE_LOADER = "$(TEST_HOST)";
				FRAMEWORK_SEARCH_PATHS = (
					"$(SDKROOT)/Developer/Library/Frameworks",
					"$(inherited)",
				);
				INFOPLIST_FILE = KarBaoTests/Info.plist;
				LD_RUNPATH_SEARCH_PATHS = "$(inherited) @executable_path/Frameworks @loader_path/Frameworks";
				PRODUCT_NAME = "$(TARGET_NAME)";
				TEST_HOST = "$(BUILT_PRODUCTS_DIR)/KarBao.app/KarBao";
			};
			name = Release;
		};
/* End XCBuildConfiguration section */

/* Begin XCConfigurationList section */
		F8281E3019EE59300087E42B /* Build configuration list for PBXProject "KarBao" */ = {
			isa = XCConfigurationList;
			buildConfigurations = (
				F8281E5619EE59300087E42B /* Debug */,
				F8281E5719EE59300087E42B /* Release */,
			);
			defaultConfigurationIsVisible = 0;
			defaultConfigurationName = Release;
		};
		F8281E5819EE59300087E42B /* Build configuration list for PBXNativeTarget "KarBao" */ = {
			isa = XCConfigurationList;
			buildConfigurations = (
				F8281E5919EE59300087E42B /* Debug */,
				F8281E5A19EE59300087E42B /* Release */,
			);
			defaultConfigurationIsVisible = 0;
			defaultConfigurationName = Release;
		};
		F8281E5B19EE59300087E42B /* Build configuration list for PBXNativeTarget "KarBaoTests" */ = {
			isa = XCConfigurationList;
			buildConfigurations = (
				F8281E5C19EE59300087E42B /* Debug */,
				F8281E5D19EE59300087E42B /* Release */,
			);
			defaultConfigurationIsVisible = 0;
			defaultConfigurationName = Release;
		};
/* End XCConfigurationList section */

/* Begin XCVersionGroup section */
		F8BF1EEC19F0CCA6005D7589 /* KarBao.xcdatamodeld */ = {
			isa = XCVersionGroup;
			children = (
				F8BF1EED19F0CCA6005D7589 /* KarBao.xcdatamodel */,
			);
			currentVersion = F8BF1EED19F0CCA6005D7589 /* KarBao.xcdatamodel */;
			name = KarBao.xcdatamodeld;
			path = DataManager/KarBao.xcdatamodeld;
			sourceTree = "<group>";
			versionGroupType = wrapper.xcdatamodel;
		};
/* End XCVersionGroup section */
	};
	rootObject = F8281E2D19EE59300087E42B /* Project object */;
}
